
Microsoft Visual Studio Solution File, Format Version 12.00
# Visual Studio Version 17
VisualStudioVersion = 17.7.34031.279
MinimumVisualStudioVersion = 10.0.40219.1
Project("{FAE04EC0-301F-11D3-BF4B-00C04F79EFBC}") = "calcultator", "calcultator.csproj", "{A6DFCDE2-0132-4589-84E5-7017C486F573}"
EndProject
Global
	GlobalSection(SolutionConfigurationPlatforms) = preSolution
		Debug|Any CPU = Debug|Any CPU
		Release|Any CPU = Release|Any CPU
	EndGlobalSection
	GlobalSection(ProjectConfigurationPlatforms) = postSolution
		{A6DFCDE2-0132-4589-84E5-7017C486F573}.Debug|Any CPU.ActiveCfg = Debug|Any CPU
		{A6DFCDE2-0132-4589-84E5-7017C486F573}.Debug|Any CPU.Build.0 = Debug|Any CPU
		{A6DFCDE2-0132-4589-84E5-7017C486F573}.Release|Any CPU.ActiveCfg = Release|Any CPU
		{A6DFCDE2-0132-4589-84E5-7017C486F573}.Release|Any CPU.Build.0 = Release|Any CPU
	EndGlobalSection
	GlobalSection(SolutionProperties) = preSolution
		HideSolutionNode = FALSE
	EndGlobalSection
	GlobalSection(ExtensibilityGlobals) = postSolution
		SolutionGuid = {F9598445-23B7-48B0-AF7E-97CB104B21FE}
	EndGlobalSection
EndGlobal
