
Microsoft Visual Studio Solution File, Format Version 12.00
# Visual Studio Version 17
VisualStudioVersion = 17.7.34031.279
MinimumVisualStudioVersion = 10.0.40219.1
Project("{FAE04EC0-301F-11D3-BF4B-00C04F79EFBC}") = "Calculator_Window", "Calculator_Window.csproj", "{A16F0029-5675-4C63-9B5A-656AF3E44850}"
EndProject
Global
	GlobalSection(SolutionConfigurationPlatforms) = preSolution
		Debug|Any CPU = Debug|Any CPU
		Release|Any CPU = Release|Any CPU
	EndGlobalSection
	GlobalSection(ProjectConfigurationPlatforms) = postSolution
		{A16F0029-5675-4C63-9B5A-656AF3E44850}.Debug|Any CPU.ActiveCfg = Debug|Any CPU
		{A16F0029-5675-4C63-9B5A-656AF3E44850}.Debug|Any CPU.Build.0 = Debug|Any CPU
		{A16F0029-5675-4C63-9B5A-656AF3E44850}.Release|Any CPU.ActiveCfg = Release|Any CPU
		{A16F0029-5675-4C63-9B5A-656AF3E44850}.Release|Any CPU.Build.0 = Release|Any CPU
	EndGlobalSection
	GlobalSection(SolutionProperties) = preSolution
		HideSolutionNode = FALSE
	EndGlobalSection
	GlobalSection(ExtensibilityGlobals) = postSolution
		SolutionGuid = {EA902388-613E-42CA-955E-E2CDCC3DB835}
	EndGlobalSection
EndGlobal
